
Microsoft Visual Studio Solution File, Format Version 12.00
# Visual Studio Version 16
VisualStudioVersion = 16.0.29411.108
MinimumVisualStudioVersion = 10.0.40219.1
Project("{FAE04EC0-301F-11D3-BF4B-00C04F79EFBC}") = "Lab03", "Lab03\Lab03.csproj", "{CF645817-560F-4DC7-88E6-AA619F2CFCD9}"
EndProject
Global
	GlobalSection(SolutionConfigurationPlatforms) = preSolution
		Debug|Any CPU = Debug|Any CPU
		Release|Any CPU = Release|Any CPU
	EndGlobalSection
	GlobalSection(ProjectConfigurationPlatforms) = postSolution
		{CF645817-560F-4DC7-88E6-AA619F2CFCD9}.Debug|Any CPU.ActiveCfg = Debug|Any CPU
		{CF645817-560F-4DC7-88E6-AA619F2CFCD9}.Debug|Any CPU.Build.0 = Debug|Any CPU
		{CF645817-560F-4DC7-88E6-AA619F2CFCD9}.Release|Any CPU.ActiveCfg = Release|Any CPU
		{CF645817-560F-4DC7-88E6-AA619F2CFCD9}.Release|Any CPU.Build.0 = Release|Any CPU
	EndGlobalSection
	GlobalSection(SolutionProperties) = preSolution
		HideSolutionNode = FALSE
	EndGlobalSection
	GlobalSection(ExtensibilityGlobals) = postSolution
		SolutionGuid = {FCBDC0D5-62B7-4D7F-869D-FBFD33F1C9EF}
	EndGlobalSection
EndGlobal
